
Microsoft Visual Studio Solution File, Format Version 12.00
# Visual Studio 15
VisualStudioVersion = 15.0.27130.2003
MinimumVisualStudioVersion = 10.0.40219.1
Project("{9A19103F-16F7-4668-BE54-9A1E7A4F7556}") = "MetaPrograms.CSharp", "MetaPrograms.CSharp\MetaPrograms.CSharp.csproj", "{A9AE1E9D-4E56-421D-8D99-296E5DC235FB}"
EndProject
Project("{9A19103F-16F7-4668-BE54-9A1E7A4F7556}") = "MetaPrograms.JavaScript", "MetaPrograms.JavaScript\MetaPrograms.JavaScript.csproj", "{CC74D0F2-7F31-447C-86E5-5B5DDB8BA92D}"
EndProject
Project("{9A19103F-16F7-4668-BE54-9A1E7A4F7556}") = "MetaPrograms", "MetaPrograms\MetaPrograms.csproj", "{0CF1372A-DBDB-4416-A9B0-76F7AEF6F172}"
EndProject
Project("{9A19103F-16F7-4668-BE54-9A1E7A4F7556}") = "MetaPrograms.Tests", "MetaPrograms.Tests\MetaPrograms.Tests.csproj", "{AFDBA58E-DB68-4CEE-B475-87E80B49ECFB}"
EndProject
Project("{9A19103F-16F7-4668-BE54-9A1E7A4F7556}") = "MetaPrograms.CSharp.Tests", "MetaPrograms.CSharp.Tests\MetaPrograms.CSharp.Tests.csproj", "{9D8394B4-7BDA-4246-9F6D-233D8EDE828C}"
EndProject
Project("{2150E333-8FDC-42A3-9474-1A3956D46DE8}") = "CommonExtensions", "CommonExtensions", "{53177E45-E4BA-4713-A891-A24CFC9D668B}"
EndProject
Project("{9A19103F-16F7-4668-BE54-9A1E7A4F7556}") = "CommonExtensions", "CommonExtensions\CommonExtensions.csproj", "{F5750F0E-B14A-4E38-A1C6-35ED39E5F3C5}"
EndProject
Project("{9A19103F-16F7-4668-BE54-9A1E7A4F7556}") = "CommonExtensions.Tests", "CommonExtensions.Tests\CommonExtensions.Tests.csproj", "{B28C9C91-9897-43DA-ABD5-3BD72B58FC18}"
EndProject
Project("{2150E333-8FDC-42A3-9474-1A3956D46DE8}") = "MetaPrograms", "MetaPrograms", "{D8A78448-1DED-4FA7-B8EA-6544629A7F3D}"
EndProject
Project("{2150E333-8FDC-42A3-9474-1A3956D46DE8}") = "MetaPrograms.CSharp", "MetaPrograms.CSharp", "{8ADA3C82-F60C-4834-81F1-37850E0D2E91}"
EndProject
Project("{2150E333-8FDC-42A3-9474-1A3956D46DE8}") = "MetaPrograms.JavaScript", "MetaPrograms.JavaScript", "{EEF18049-EBD6-4181-ACF5-901EABC41A02}"
EndProject
Project("{FAE04EC0-301F-11D3-BF4B-00C04F79EFBC}") = "MetaPrograms.IntegrationTests", "MetaPrograms.IntegrationTests\MetaPrograms.IntegrationTests.csproj", "{C316FFCD-7B26-4E3D-9DFF-1E04E6F9F2B0}"
EndProject
Project("{2150E333-8FDC-42A3-9474-1A3956D46DE8}") = "TestCases", "TestCases", "{28EA6700-EE50-49C6-B149-2B01B5221920}"
EndProject
Project("{2150E333-8FDC-42A3-9474-1A3956D46DE8}") = "CSharpAndJavaScript", "CSharpAndJavaScript", "{7D61CB4F-8A2C-48E3-A7D0-5DFCEC51F80B}"
EndProject
Project("{FAE04EC0-301F-11D3-BF4B-00C04F79EFBC}") = "Example.WebUIModel", "TestCases\CSharpAndJavaScript\Example.WebUIModel\Example.WebUIModel.csproj", "{62BD2172-6320-4E8F-8E35-312A95D286A0}"
EndProject
Project("{FAE04EC0-301F-11D3-BF4B-00C04F79EFBC}") = "Example.WebBrowserAdapter", "TestCases\CSharpAndJavaScript\Example.WebBrowserAdapter\Example.WebBrowserAdapter.csproj", "{58682F3D-1124-4A0B-8DB2-E9E74713693A}"
EndProject
Project("{FAE04EC0-301F-11D3-BF4B-00C04F79EFBC}") = "Example.HyperappAdapter", "TestCases\CSharpAndJavaScript\Example.HyperappAdapter\Example.HyperappAdapter.csproj", "{2E2B9CDB-B9FF-4A8E-B057-41DF3BA4344E}"
EndProject
Project("{FAE04EC0-301F-11D3-BF4B-00C04F79EFBC}") = "Example.AspNetAdapter", "TestCases\CSharpAndJavaScript\Example.AspNetAdapter\Example.AspNetAdapter.csproj", "{807B5EB2-AAA3-47B6-9057-8DA90C93CA8E}"
EndProject
Project("{FAE04EC0-301F-11D3-BF4B-00C04F79EFBC}") = "Example.App", "TestCases\CSharpAndJavaScript\Example.App\Example.App.csproj", "{9087F0B9-7D94-493A-898D-E87DDF69C28C}"
EndProject
Global
	GlobalSection(SolutionConfigurationPlatforms) = preSolution
		Debug|Any CPU = Debug|Any CPU
		Release|Any CPU = Release|Any CPU
	EndGlobalSection
	GlobalSection(ProjectConfigurationPlatforms) = postSolution
		{A9AE1E9D-4E56-421D-8D99-296E5DC235FB}.Debug|Any CPU.ActiveCfg = Debug|Any CPU
		{A9AE1E9D-4E56-421D-8D99-296E5DC235FB}.Debug|Any CPU.Build.0 = Debug|Any CPU
		{A9AE1E9D-4E56-421D-8D99-296E5DC235FB}.Release|Any CPU.ActiveCfg = Release|Any CPU
		{A9AE1E9D-4E56-421D-8D99-296E5DC235FB}.Release|Any CPU.Build.0 = Release|Any CPU
		{CC74D0F2-7F31-447C-86E5-5B5DDB8BA92D}.Debug|Any CPU.ActiveCfg = Debug|Any CPU
		{CC74D0F2-7F31-447C-86E5-5B5DDB8BA92D}.Debug|Any CPU.Build.0 = Debug|Any CPU
		{CC74D0F2-7F31-447C-86E5-5B5DDB8BA92D}.Release|Any CPU.ActiveCfg = Release|Any CPU
		{CC74D0F2-7F31-447C-86E5-5B5DDB8BA92D}.Release|Any CPU.Build.0 = Release|Any CPU
		{0CF1372A-DBDB-4416-A9B0-76F7AEF6F172}.Debug|Any CPU.ActiveCfg = Debug|Any CPU
		{0CF1372A-DBDB-4416-A9B0-76F7AEF6F172}.Debug|Any CPU.Build.0 = Debug|Any CPU
		{0CF1372A-DBDB-4416-A9B0-76F7AEF6F172}.Release|Any CPU.ActiveCfg = Release|Any CPU
		{0CF1372A-DBDB-4416-A9B0-76F7AEF6F172}.Release|Any CPU.Build.0 = Release|Any CPU
		{AFDBA58E-DB68-4CEE-B475-87E80B49ECFB}.Debug|Any CPU.ActiveCfg = Debug|Any CPU
		{AFDBA58E-DB68-4CEE-B475-87E80B49ECFB}.Debug|Any CPU.Build.0 = Debug|Any CPU
		{AFDBA58E-DB68-4CEE-B475-87E80B49ECFB}.Release|Any CPU.ActiveCfg = Release|Any CPU
		{AFDBA58E-DB68-4CEE-B475-87E80B49ECFB}.Release|Any CPU.Build.0 = Release|Any CPU
		{9D8394B4-7BDA-4246-9F6D-233D8EDE828C}.Debug|Any CPU.ActiveCfg = Debug|Any CPU
		{9D8394B4-7BDA-4246-9F6D-233D8EDE828C}.Debug|Any CPU.Build.0 = Debug|Any CPU
		{9D8394B4-7BDA-4246-9F6D-233D8EDE828C}.Release|Any CPU.ActiveCfg = Release|Any CPU
		{9D8394B4-7BDA-4246-9F6D-233D8EDE828C}.Release|Any CPU.Build.0 = Release|Any CPU
		{F5750F0E-B14A-4E38-A1C6-35ED39E5F3C5}.Debug|Any CPU.ActiveCfg = Debug|Any CPU
		{F5750F0E-B14A-4E38-A1C6-35ED39E5F3C5}.Debug|Any CPU.Build.0 = Debug|Any CPU
		{F5750F0E-B14A-4E38-A1C6-35ED39E5F3C5}.Release|Any CPU.ActiveCfg = Release|Any CPU
		{F5750F0E-B14A-4E38-A1C6-35ED39E5F3C5}.Release|Any CPU.Build.0 = Release|Any CPU
		{B28C9C91-9897-43DA-ABD5-3BD72B58FC18}.Debug|Any CPU.ActiveCfg = Debug|Any CPU
		{B28C9C91-9897-43DA-ABD5-3BD72B58FC18}.Debug|Any CPU.Build.0 = Debug|Any CPU
		{B28C9C91-9897-43DA-ABD5-3BD72B58FC18}.Release|Any CPU.ActiveCfg = Release|Any CPU
		{B28C9C91-9897-43DA-ABD5-3BD72B58FC18}.Release|Any CPU.Build.0 = Release|Any CPU
		{C316FFCD-7B26-4E3D-9DFF-1E04E6F9F2B0}.Debug|Any CPU.ActiveCfg = Debug|Any CPU
		{C316FFCD-7B26-4E3D-9DFF-1E04E6F9F2B0}.Debug|Any CPU.Build.0 = Debug|Any CPU
		{C316FFCD-7B26-4E3D-9DFF-1E04E6F9F2B0}.Release|Any CPU.ActiveCfg = Release|Any CPU
		{C316FFCD-7B26-4E3D-9DFF-1E04E6F9F2B0}.Release|Any CPU.Build.0 = Release|Any CPU
		{62BD2172-6320-4E8F-8E35-312A95D286A0}.Debug|Any CPU.ActiveCfg = Debug|Any CPU
		{62BD2172-6320-4E8F-8E35-312A95D286A0}.Debug|Any CPU.Build.0 = Debug|Any CPU
		{62BD2172-6320-4E8F-8E35-312A95D286A0}.Release|Any CPU.ActiveCfg = Release|Any CPU
		{62BD2172-6320-4E8F-8E35-312A95D286A0}.Release|Any CPU.Build.0 = Release|Any CPU
		{58682F3D-1124-4A0B-8DB2-E9E74713693A}.Debug|Any CPU.ActiveCfg = Debug|Any CPU
		{58682F3D-1124-4A0B-8DB2-E9E74713693A}.Debug|Any CPU.Build.0 = Debug|Any CPU
		{58682F3D-1124-4A0B-8DB2-E9E74713693A}.Release|Any CPU.ActiveCfg = Release|Any CPU
		{58682F3D-1124-4A0B-8DB2-E9E74713693A}.Release|Any CPU.Build.0 = Release|Any CPU
		{2E2B9CDB-B9FF-4A8E-B057-41DF3BA4344E}.Debug|Any CPU.ActiveCfg = Debug|Any CPU
		{2E2B9CDB-B9FF-4A8E-B057-41DF3BA4344E}.Debug|Any CPU.Build.0 = Debug|Any CPU
		{2E2B9CDB-B9FF-4A8E-B057-41DF3BA4344E}.Release|Any CPU.ActiveCfg = Release|Any CPU
		{2E2B9CDB-B9FF-4A8E-B057-41DF3BA4344E}.Release|Any CPU.Build.0 = Release|Any CPU
		{807B5EB2-AAA3-47B6-9057-8DA90C93CA8E}.Debug|Any CPU.ActiveCfg = Debug|Any CPU
		{807B5EB2-AAA3-47B6-9057-8DA90C93CA8E}.Debug|Any CPU.Build.0 = Debug|Any CPU
		{807B5EB2-AAA3-47B6-9057-8DA90C93CA8E}.Release|Any CPU.ActiveCfg = Release|Any CPU
		{807B5EB2-AAA3-47B6-9057-8DA90C93CA8E}.Release|Any CPU.Build.0 = Release|Any CPU
		{9087F0B9-7D94-493A-898D-E87DDF69C28C}.Debug|Any CPU.ActiveCfg = Debug|Any CPU
		{9087F0B9-7D94-493A-898D-E87DDF69C28C}.Debug|Any CPU.Build.0 = Debug|Any CPU
		{9087F0B9-7D94-493A-898D-E87DDF69C28C}.Release|Any CPU.ActiveCfg = Release|Any CPU
		{9087F0B9-7D94-493A-898D-E87DDF69C28C}.Release|Any CPU.Build.0 = Release|Any CPU
	EndGlobalSection
	GlobalSection(SolutionProperties) = preSolution
		HideSolutionNode = FALSE
	EndGlobalSection
	GlobalSection(NestedProjects) = preSolution
		{F5750F0E-B14A-4E38-A1C6-35ED39E5F3C5} = {53177E45-E4BA-4713-A891-A24CFC9D668B}
		{B28C9C91-9897-43DA-ABD5-3BD72B58FC18} = {53177E45-E4BA-4713-A891-A24CFC9D668B}
		{0CF1372A-DBDB-4416-A9B0-76F7AEF6F172} = {D8A78448-1DED-4FA7-B8EA-6544629A7F3D}
		{AFDBA58E-DB68-4CEE-B475-87E80B49ECFB} = {D8A78448-1DED-4FA7-B8EA-6544629A7F3D}
		{A9AE1E9D-4E56-421D-8D99-296E5DC235FB} = {8ADA3C82-F60C-4834-81F1-37850E0D2E91}
		{9D8394B4-7BDA-4246-9F6D-233D8EDE828C} = {8ADA3C82-F60C-4834-81F1-37850E0D2E91}
		{CC74D0F2-7F31-447C-86E5-5B5DDB8BA92D} = {EEF18049-EBD6-4181-ACF5-901EABC41A02}
		{C316FFCD-7B26-4E3D-9DFF-1E04E6F9F2B0} = {D8A78448-1DED-4FA7-B8EA-6544629A7F3D}
		{7D61CB4F-8A2C-48E3-A7D0-5DFCEC51F80B} = {28EA6700-EE50-49C6-B149-2B01B5221920}
		{62BD2172-6320-4E8F-8E35-312A95D286A0} = {7D61CB4F-8A2C-48E3-A7D0-5DFCEC51F80B}
		{2E2B9CDB-B9FF-4A8E-B057-41DF3BA4344E} = {7D61CB4F-8A2C-48E3-A7D0-5DFCEC51F80B}
		{58682F3D-1124-4A0B-8DB2-E9E74713693A} = {7D61CB4F-8A2C-48E3-A7D0-5DFCEC51F80B}
		{807B5EB2-AAA3-47B6-9057-8DA90C93CA8E} = {7D61CB4F-8A2C-48E3-A7D0-5DFCEC51F80B}
		{9087F0B9-7D94-493A-898D-E87DDF69C28C} = {7D61CB4F-8A2C-48E3-A7D0-5DFCEC51F80B}
	EndGlobalSection
	GlobalSection(ExtensibilityGlobals) = postSolution
		SolutionGuid = {150905B7-0BC7-470A-90D3-229DADEA4A4F}
	EndGlobalSection
EndGlobal
